<Solution>
  <Folder Name="/Solution Items/">
    <File Path=".editorconfig" />
    <File Path="Directory.Build.props" />
    <File Path="Directory.Packages.props" />
    <File Path="LoadProfileGenerator/profilegenerator-latest.db3" />
    <File Path="MyRules.ruleset" />
    <File Path="MyRules_UnitTests.ruleset" />
    <File Path="readme.md" />
    <File Path="VersionInfo.cs" />
  </Folder>
  <Project Path="Automation/Automation.csproj" />
  <Project Path="CalcPostProcessor/CalcPostProcessor.csproj" />
  <Project Path="CalcPostProcessorTests/CalcPostProcessorTests.csproj" />
  <Project Path="Calculation.Tests/Calculation.Tests.csproj" />
  <Project Path="CalculationController.Tests/CalculationController.Tests.csproj" />
  <Project Path="CalculationController/CalculationController.csproj" />
  <Project Path="CalculationEngine/CalculationEngine.csproj" />
  <Project Path="ChartCreator2.Tests/ChartCreator2.Tests.csproj" />
  <Project Path="ChartCreator2/ChartCreator2.csproj" />
  <Project Path="CitySimulation/CitySimulation.csproj" />
  <Project Path="CitySimulationTests/CitySimulationTests.csproj" />
  <Project Path="Common.Tests/Common.Tests.csproj" />
  <Project Path="Common/Common.csproj" />
  <Project Path="Database.Tests/Database.Tests.csproj" />
  <Project Path="Database/Database.csproj" />
  <Project Path="IntegrationTests/IntegrationTests.csproj" />
  <Project Path="LoadProfileGenerator.Tests/LoadProfileGenerator.Tests.csproj" />
  <Project Path="LoadProfileGenerator/LoadProfileGenerator.csproj" />
  <Project Path="ReleaseMaker/ReleaseMaker.csproj" />
  <Project Path="SimEngine2/SimEngine2.csproj" />
  <Project Path="SimulationEngine.Tests/SimulationEngine.Tests.csproj" />
  <Project Path="SimulationEngine/SimulationEngine.csproj" />
  <Project Path="SimulationEngineLib/SimulationEngineLib.csproj" />
  <Project Path="VersionIncreaser/VersionIncreaser.csproj" />
</Solution>
